// !$*UTF8*$!
{
  archiveVersion = 1;
  classes = {
  };
  objectVersion = 55;
  objects = {

    /* Project object */
    1D6058900D05DD3D006BFB54 /* Project object */ = {
      isa = PBXProject;
      attributes = {
        LastSwiftUpdateCheck = 1330;
        LastUpgradeCheck = 1330;
        ORGANIZATIONNAME = "YourName";
        TargetAttributes = {
          1D6058910D05DD3E006BFB54 = {
            CreatedOnToolsVersion = 13.3;
          };
        };
      };
      buildConfigurationList = 1D6058990D05DD3E006BFB54;
      compatibilityVersion = "Xcode 12.0";
      developmentRegion = en;
      hasScannedForEncodings = 0;
      knownRegions = (
        en,
      );
      mainGroup = 1D6058880D05DD3D006BFB54;
      productRefGroup = 1D60588A0D05DD3D006BFB54;
      projectDirPath = "";
      projectRoot = "";
      targets = (
        1D6058910D05DD3E006BFB54,
      );
    };

    /* Main Group */
    1D6058880D05DD3D006BFB54 = {
      isa = PBXGroup;
      children = (
        1D6058890D05DD3D006BFB54 /* ChatGPTWebViewApp.swift */,
        1D6058AA0D05DD3E006BFB54 /* ContentView.swift */,
        1D6058BB0D05DD3E006BFB54 /* WebView.swift */,
        1D6058CC0D05DD3E006BFB54 /* Info.plist */,
        1D6058DD0D05DD3E006BFB54 /* Assets.xcassets */,
      );
      sourceTree = "<group>";
    };

    /* File references */
    1D6058890D05DD3D006BFB54 = { isa = PBXFileReference; lastKnownFileType = sourcecode.swift; path = ChatGPTWebViewApp.swift; sourceTree = "<group>"; };
    1D6058AA0D05DD3E006BFB54 = { isa = PBXFileReference; lastKnownFileType = sourcecode.swift; path = ContentView.swift; sourceTree = "<group>"; };
    1D6058BB0D05DD3E006BFB54 = { isa = PBXFileReference; lastKnownFileType = sourcecode.swift; path = WebView.swift; sourceTree = "<group>"; };
    1D6058CC0D05DD3E006BFB54 = { isa = PBXFileReference; lastKnownFileType = text.plist.xml; path = Info.plist; sourceTree = "<group>"; };
    1D6058DD0D05DD3E006BFB54 = { isa = PBXFileReference; lastKnownFileType = folder.assetcatalog; path = Assets.xcassets; sourceTree = "<group>"; };

    /* Build Configuration List */
    1D6058990D05DD3E006BFB54 = {
      isa = XCConfigurationList;
      buildConfigurations = (
        1D60589A0D05DD3E006BFB54,
        1D60589B0D05DD3E006BFB54,
      );
      defaultConfigurationIsVisible = 0;
      defaultConfigurationName = Release;
    };

    /* Debug configuration */
    1D60589A0D05DD3E006BFB54 = {
      isa = XCBuildConfiguration;
      buildSettings = {
        PRODUCT_NAME = ChatGPTWebView;
        SDKROOT = iphoneos;
        IPHONEOS_DEPLOYMENT_TARGET = 15.0;
        SWIFT_VERSION = 5.0;
        TARGETED_DEVICE_FAMILY = "1";
        CODE_SIGN_IDENTITY = "";
        CODE_SIGNING_REQUIRED = NO;
        CODE_SIGNING_ALLOWED = NO;
        ASSETCATALOG_COMPILER_APPICON_NAME = AppIcon;
        INFOPLIST_FILE = Info.plist;
      };
      name = Debug;
    };

    /* Release configuration */
    1D60589B0D05DD3E006BFB54 = {
      isa = XCBuildConfiguration;
      buildSettings = {
        PRODUCT_NAME = ChatGPTWebView;
        SDKROOT = iphoneos;
        IPHONEOS_DEPLOYMENT_TARGET = 15.0;
        SWIFT_VERSION = 5.0;
        TARGETED_DEVICE_FAMILY = "1";
        CODE_SIGN_IDENTITY = "";
        CODE_SIGNING_REQUIRED = NO;
        CODE_SIGNING_ALLOWED = NO;
        ASSETCATALOG_COMPILER_APPICON_NAME = AppIcon;
        INFOPLIST_FILE = Info.plist;
      };
      name = Release;
    };

    /* Target */
    1D6058910D05DD3E006BFB54 = {
      isa = PBXNativeTarget;
      buildConfigurationList = 1D6058990D05DD3E006BFB54;
      buildPhases = ();
      buildRules = ();
      dependencies = ();
      name = ChatGPTWebView;
      productName = ChatGPTWebView;
      productType = "com.apple.product-type.application";
    };
  };

  rootObject = 1D6058900D05DD3D006BFB54 /* Project object */;
}
